
Microsoft Visual Studio Solution File, Format Version 12.00
# Visual Studio Version 16
VisualStudioVersion = 16.0.30907.101
MinimumVisualStudioVersion = 10.0.40219.1
Project("{FAE04EC0-301F-11D3-BF4B-00C04F79EFBC}") = "MediaBrowser.Channels.Twitch", "MediaBrowser.Channels.Twitch\MediaBrowser.Channels.Twitch.csproj", "{43A4F55A-89EB-4F19-810B-FCF5AD255640}"
EndProject
Global
	GlobalSection(SolutionConfigurationPlatforms) = preSolution
		Debug|Any CPU = Debug|Any CPU
		Release|Any CPU = Release|Any CPU
	EndGlobalSection
	GlobalSection(ProjectConfigurationPlatforms) = postSolution
		{43A4F55A-89EB-4F19-810B-FCF5AD255640}.Debug|Any CPU.ActiveCfg = Debug|Any CPU
		{43A4F55A-89EB-4F19-810B-FCF5AD255640}.Debug|Any CPU.Build.0 = Debug|Any CPU
		{43A4F55A-89EB-4F19-810B-FCF5AD255640}.Release|Any CPU.ActiveCfg = Release|Any CPU
		{43A4F55A-89EB-4F19-810B-FCF5AD255640}.Release|Any CPU.Build.0 = Release|Any CPU
	EndGlobalSection
	GlobalSection(SolutionProperties) = preSolution
		HideSolutionNode = FALSE
	EndGlobalSection
	GlobalSection(ExtensibilityGlobals) = postSolution
		SolutionGuid = {9D072AD2-A4A5-4959-8A3A-EF7629412273}
	EndGlobalSection
EndGlobal
